
Microsoft Visual Studio Solution File, Format Version 12.00
# Visual Studio Version 16
VisualStudioVersion = 16.0.32106.194
MinimumVisualStudioVersion = 10.0.40219.1
Project("{FAE04EC0-301F-11D3-BF4B-00C04F79EFBC}") = "CRUDwebCSD.web", "CRUDwebCSD.web\CRUDwebCSD.web.csproj", "{BEABB2E0-EAB5-434B-9171-B149DE40A7FC}"
EndProject
Global
	GlobalSection(SolutionConfigurationPlatforms) = preSolution
		Debug|Any CPU = Debug|Any CPU
		Release|Any CPU = Release|Any CPU
	EndGlobalSection
	GlobalSection(ProjectConfigurationPlatforms) = postSolution
		{BEABB2E0-EAB5-434B-9171-B149DE40A7FC}.Debug|Any CPU.ActiveCfg = Debug|Any CPU
		{BEABB2E0-EAB5-434B-9171-B149DE40A7FC}.Debug|Any CPU.Build.0 = Debug|Any CPU
		{BEABB2E0-EAB5-434B-9171-B149DE40A7FC}.Release|Any CPU.ActiveCfg = Release|Any CPU
		{BEABB2E0-EAB5-434B-9171-B149DE40A7FC}.Release|Any CPU.Build.0 = Release|Any CPU
	EndGlobalSection
	GlobalSection(SolutionProperties) = preSolution
		HideSolutionNode = FALSE
	EndGlobalSection
	GlobalSection(ExtensibilityGlobals) = postSolution
		SolutionGuid = {C5CDC777-1094-488C-9A2F-27E556FCAF86}
	EndGlobalSection
EndGlobal
